<?xml version="1.0" encoding="UTF-8" standalone="yes" ?>
<CodeBlocks_project_file>
	<FileVersion major="1" minor="6" />
	<Project>
		<Option title="SecureIT" />
		<Option makefile_is_custom="1" />
		<Option pch_mode="2" />
		<Option compiler="gcc" />
		<Build>
			<Target title="Debug">
				<Option output="bin/Debug/SecureIT" prefix_auto="1" extension_auto="1" />
				<Option object_output="obj/Debug/" />
				<Option type="1" />
				<Option compiler="gcc" />
				<Compiler>
					<Add option="-g" />
				</Compiler>
			</Target>
			<Target title="Release">
				<Option output="bin/Release/SecureIT" prefix_auto="1" extension_auto="1" />
				<Option object_output="obj/Release/" />
				<Option type="1" />
				<Option compiler="gcc" />
				<Compiler>
					<Add option="-O2" />
				</Compiler>
				<Linker>
					<Add option="-s" />
				</Linker>
			</Target>
			<Target title="WinRelease">
				<Option output="bin/Release-Win/SecureIT.exe" prefix_auto="1" extension_auto="0" />
				<Option type="1" />
				<Option compiler="gcc" />
			</Target>
		</Build>
		<Compiler>
			<Add option="-Wall" />
			<Add option="`wx-config --cppflags`" />
		</Compiler>
		<Linker>
			<Add option="`wx-config --libs`" />
		</Linker>
		<Unit filename="Constants.hpp">
			<Option target="Debug" />
			<Option target="Release" />
		</Unit>
		<Unit filename="ExecuteTimer.cpp" />
		<Unit filename="ExecuteTimer.h" />
		<Unit filename="Forms/FrmScriptEditor.cpp" />
		<Unit filename="Forms/FrmScriptEditor.h" />
		<Unit filename="Forms/MainWindow.cpp" />
		<Unit filename="Forms/MainWindow.h" />
		<Unit filename="Makefile">
			<Option target="Debug" />
			<Option target="Release" />
		</Unit>
		<Unit filename="Module.cpp" />
		<Unit filename="Module.h" />
		<Unit filename="ModuleSet.cpp" />
		<Unit filename="ModuleSet.h" />
		<Unit filename="Notes/TODO.txt">
			<Option target="Debug" />
			<Option target="Release" />
		</Unit>
		<Unit filename="Notes/compilation_notes.txt" />
		<Unit filename="README.md" />
		<Unit filename="Tests.cpp">
			<Option target="Debug" />
			<Option target="Release" />
		</Unit>
		<Unit filename="Tests.h">
			<Option target="Debug" />
			<Option target="Release" />
		</Unit>
		<Unit filename="icons.rc" />
		<Unit filename="main.cpp">
			<Option target="Debug" />
			<Option target="Release" />
		</Unit>
		<Unit filename="main.h">
			<Option target="Debug" />
			<Option target="Release" />
		</Unit>
		<Unit filename="wxsmith/FrmScriptEditor.wxs" />
		<Extensions>
			<code_completion />
			<debugger />
			<envvars />
			<wxsmith version="1">
				<gui name="wxWidgets" src="main.cpp" main="MainWindow" init_handlers="necessary" language="CPP" />
				<resources>
					<wxFrame wxs="wxsmith/MainWindow.wxs" src="Forms/MainWindow.cpp" hdr="Forms/MainWindow.h" fwddecl="0" i18n="1" name="MainWindow" language="CPP" />
					<wxFrame wxs="wxsmith/FrmScriptEditor.wxs" src="Forms/FrmScriptEditor.cpp" hdr="Forms/FrmScriptEditor.h" fwddecl="0" i18n="1" name="FrmScriptEditor" language="CPP" />
				</resources>
			</wxsmith>
		</Extensions>
	</Project>
</CodeBlocks_project_file>
