<?xml version="1.0" encoding="UTF-8" standalone="yes" ?>
<CodeBlocks_project_file>
	<FileVersion major="1" minor="6" />
	<Project>
		<Option title="SecureIT" />
		<Option makefile_is_custom="1" />
		<Option pch_mode="2" />
		<Option compiler="gcc" />
		<Build>
			<Target title="Debug">
				<Option output="bin/Debug/SecureIT" prefix_auto="1" extension_auto="1" />
				<Option object_output="obj/Debug/" />
				<Option type="1" />
				<Option compiler="gcc" />
				<Compiler>
					<Add option="-g" />
				</Compiler>
			</Target>
			<Target title="Release">
				<Option output="bin/Release/SecureIT" prefix_auto="1" extension_auto="1" />
				<Option object_output="obj/Release/" />
				<Option type="1" />
				<Option compiler="gcc" />
				<Compiler>
					<Add option="-O2" />
				</Compiler>
				<Linker>
					<Add option="-s" />
				</Linker>
			</Target>
			<Target title="WinRelease">
				<Option output="bin/Release-Win/SecureIT.exe" prefix_auto="1" extension_auto="0" />
				<Option type="1" />
				<Option compiler="gcc" />
			</Target>
		</Build>
		<Compiler>
			<Add option="-Wall" />
			<Add option="`wx-config --cppflags`" />
		</Compiler>
		<Linker>
			<Add option="`wx-config --libs`" />
		</Linker>
		<Unit filename="CodeEditWin.cpp">
			<Option target="Debug" />
			<Option target="Release" />
		</Unit>
		<Unit filename="CodeEditWin.h">
			<Option target="Debug" />
			<Option target="Release" />
		</Unit>
		<Unit filename="Constants.hpp">
			<Option target="Debug" />
			<Option target="Release" />
		</Unit>
		<Unit filename="Forms/FrmScriptEditor.cpp">
			<Option target="Debug" />
			<Option target="Release" />
		</Unit>
		<Unit filename="Forms/FrmScriptEditor.h">
			<Option target="Debug" />
			<Option target="Release" />
		</Unit>
		<Unit filename="Forms/MainWindow.cpp">
			<Option target="Debug" />
			<Option target="Release" />
		</Unit>
		<Unit filename="Forms/MainWindow.h">
			<Option target="Debug" />
			<Option target="Release" />
		</Unit>
		<Unit filename="Makefile">
			<Option target="Debug" />
			<Option target="Release" />
		</Unit>
		<Unit filename="ModuleAction.cpp">
			<Option target="Debug" />
			<Option target="Release" />
		</Unit>
		<Unit filename="ModuleAction.h">
			<Option target="Debug" />
			<Option target="Release" />
		</Unit>
		<Unit filename="ModuleScan.cpp">
			<Option target="Debug" />
			<Option target="Release" />
		</Unit>
		<Unit filename="ModuleScan.h">
			<Option target="Debug" />
			<Option target="Release" />
		</Unit>
		<Unit filename="Notes/TODO.txt">
			<Option target="Debug" />
			<Option target="Release" />
		</Unit>
		<Unit filename="Tests.cpp">
			<Option target="Debug" />
			<Option target="Release" />
		</Unit>
		<Unit filename="Tests.h">
			<Option target="Debug" />
			<Option target="Release" />
		</Unit>
		<Unit filename="Windows.cpp">
			<Option target="Debug" />
			<Option target="Release" />
		</Unit>
		<Unit filename="Windows.h">
			<Option target="Debug" />
			<Option target="Release" />
		</Unit>
		<Unit filename="main.cpp">
			<Option target="Debug" />
			<Option target="Release" />
		</Unit>
		<Unit filename="main.h">
			<Option target="Debug" />
			<Option target="Release" />
		</Unit>
		<Unit filename="pstream.h">
			<Option target="Debug" />
			<Option target="Release" />
		</Unit>
		<Extensions>
			<code_completion />
			<debugger />
			<envvars />
		</Extensions>
	</Project>
</CodeBlocks_project_file>
